github.com/avanha/pmaas-common v0.0.3 h1:XFagMBTBRpXz/HJK8Rl0fcs0x66Ihf8Leyqc5Cl9kMQ=
github.com/avanha/pmaas-common v0.0.3/go.mod h1:XkhgGSpKVnLrNbsuQLcuxzczTeMrf+FDZBhfxA+nJAY=
github.com/avanha/pmaas-spi v0.0.8 h1:KM3cj+Noxcnl6wmeHm4Lv+jBs+G8UqFX1W4JKH98oJ0=
github.com/avanha/pmaas-spi v0.0.8/go.mod h1:vKV8Ke5QXei42A4agIgxypbznjLqFQyi2hvqSyoe7c0=
golang.org/x/net v0.59.0 h1:5zfYln+w5XCxwrnMMJPufRgNoXEaGxl0wo5GqPXyues=
golang.org/x/net v0.59.0/go.mod h1:2DA/G1UfVbCpQPeWTmMPGY7Cs2PkBkwu743bVX5PIVg=
golang.org/x/sys v0.48.0 h1:bbX/i/6MgT9BVLM9RT1thmxL04yeTAhbEz4SyadbXoo=
golang.org/x/sys v0.48.0/go.mod h1:hNLxWAXmnKAxqDtdwIYC4bM9oQPEecfsnNMuSxOs3og=
